{
  "name": "taskday",
  "lockfileVersion": 3,
  "requires": true,
  "packages": {
    "": {
      "dependencies": {
        "humps": "^2.0.1"
      }
    },
    "node_modules/humps": {
      "version": "2.0.1",
      "resolved": "https://registry.npmjs.org/humps/-/humps-2.0.1.tgz",
      "integrity": "sha512-E0eIbrFWUhwfXJmsbdjRQFQPrl5pTEoKlz163j1mTqqUnU9PgR4AgB8AIITzuB3vLBdxZXyZ9TDIrwB2OASz4g==",
      "license": "MIT"
    }
  }
}
